
Microsoft Visual Studio Solution File, Format Version 12.00
# Visual Studio 16
Project("{FAE04EC0-301F-11D3-BF4B-00C04F79EFBC}") = "Assembly-CSharp", "Assembly-CSharp.csproj", "{D3B878D9-65CA-EC5C-64B6-CAF8BC74B831}"
EndProject
Project("{FAE04EC0-301F-11D3-BF4B-00C04F79EFBC}") = "Assembly-CSharp-Editor", "Assembly-CSharp-Editor.csproj", "{ADB2CACB-A010-9C01-E62F-DEC7447C7316}"
EndProject
Global
	GlobalSection(SolutionConfigurationPlatforms) = preSolution
		Debug|Any CPU = Debug|Any CPU
		Release|Any CPU = Release|Any CPU
	EndGlobalSection
	GlobalSection(ProjectConfigurationPlatforms) = postSolution
		{D3B878D9-65CA-EC5C-64B6-CAF8BC74B831}.Debug|Any CPU.ActiveCfg = Debug|Any CPU
		{D3B878D9-65CA-EC5C-64B6-CAF8BC74B831}.Debug|Any CPU.Build.0 = Debug|Any CPU
		{D3B878D9-65CA-EC5C-64B6-CAF8BC74B831}.Release|Any CPU.ActiveCfg = Release|Any CPU
		{D3B878D9-65CA-EC5C-64B6-CAF8BC74B831}.Release|Any CPU.Build.0 = Release|Any CPU
		{ADB2CACB-A010-9C01-E62F-DEC7447C7316}.Debug|Any CPU.ActiveCfg = Debug|Any CPU
		{ADB2CACB-A010-9C01-E62F-DEC7447C7316}.Debug|Any CPU.Build.0 = Debug|Any CPU
		{ADB2CACB-A010-9C01-E62F-DEC7447C7316}.Release|Any CPU.ActiveCfg = Release|Any CPU
		{ADB2CACB-A010-9C01-E62F-DEC7447C7316}.Release|Any CPU.Build.0 = Release|Any CPU
	EndGlobalSection
	GlobalSection(SolutionProperties) = preSolution
		HideSolutionNode = FALSE
	EndGlobalSection
EndGlobal
